{
  "name": "@iconscout/unicons",
  "version": "1.0.0",
  "lockfileVersion": 1,
  "requires": true,
  "dependencies": {
    "@types/node": {
      "version": "10.12.19",
      "resolved": "https://registry.npmjs.org/@types/node/-/node-10.12.19.tgz",
      "integrity": "sha512-2NVovndCjJQj6fUUn9jCgpP4WSqr+u1SoUZMZyJkhGeBFsm6dE46l31S7lPUYt9uQ28XI+ibrJA1f5XyH5HNtA=="
    },
    "@types/q": {
      "version": "1.5.1",
      "resolved": "https://registry.npmjs.org/@types/q/-/q-1.5.1.tgz",
      "integrity": "sha512-eqz8c/0kwNi/OEHQfvIuJVLTst3in0e7uTKeuY+WL/zfKn0xVujOTp42bS/vUUokhK5P2BppLd9JXMOMHcgbjA=="
    },
    "argparse": {
      "version": "1.0.10",
      "resolved": "https://registry.npmjs.org/argparse/-/argparse-1.0.10.tgz",
      "integrity": "sha512-o5Roy6tNG4SL/FOkCAN6RzjiakZS25RLYFrcMttJqbdd8BWrnA+fGz57iN5Pb06pvBGvl5gQ0B48dJlslXvoTg==",
      "requires": {
        "sprintf-js": "~1.0.2"
      }
    },
    "async": {
      "version": "2.6.1",
      "resolved": "https://registry.npmjs.org/async/-/async-2.6.1.tgz",
      "integrity": "sha512-fNEiL2+AZt6AlAw/29Cr0UDe4sRAHCpEHh54WMz+Bb7QfNcFw4h3loofyJpLeQs4Yx7yuqu/2dLgM5hKOs6HlQ==",
      "requires": {
        "lodash": "^4.17.10"
      }
    },
    "axios": {
      "version": "0.19.0",
      "resolved": "https://registry.npmjs.org/axios/-/axios-0.19.0.tgz",
      "integrity": "sha512-1uvKqKQta3KBxIz14F2v06AEHZ/dIoeKfbTRkK1E5oqjDnuEerLmYTgJB5AiQZHJcljpg1TuRzdjDR06qNk0DQ==",
      "requires": {
        "follow-redirects": "1.5.10",
        "is-buffer": "^2.0.2"
      }
    },
    "balanced-match": {
      "version": "1.0.0",
      "resolved": "https://registry.npmjs.org/balanced-match/-/balanced-match-1.0.0.tgz",
      "integrity": "sha1-ibTRmasr7kneFk6gK4nORi1xt2c="
    },
    "binary": {
      "version": "0.3.0",
      "resolved": "https://registry.npmjs.org/binary/-/binary-0.3.0.tgz",
      "integrity": "sha1-n2BVO8XOjDOG87VTz/R0Yq3sqnk=",
      "requires": {
        "buffers": "~0.1.1",
        "chainsaw": "~0.1.0"
      }
    },
    "boolbase": {
      "version": "1.0.0",
      "resolved": "https://registry.npmjs.org/boolbase/-/boolbase-1.0.0.tgz",
      "integrity": "sha1-aN/1++YMUes3cl6p4+0xDcwed24="
    },
    "brace-expansion": {
      "version": "1.1.11",
      "resolved": "https://registry.npmjs.org/brace-expansion/-/brace-expansion-1.1.11.tgz",
      "integrity": "sha512-iCuPHDFgrHX7H2vEI/5xpz07zSHB00TpugqhmYtVmMO6518mCuRMoOYFldEBl0g187ufozdaHgWKcYFb61qGiA==",
      "requires": {
        "balanced-match": "^1.0.0",
        "concat-map": "0.0.1"
      }
    },
    "buffers": {
      "version": "0.1.1",
      "resolved": "https://registry.npmjs.org/buffers/-/buffers-0.1.1.tgz",
      "integrity": "sha1-skV5w77U1tOWru5tmorn9Ugqt7s="
    },
    "chainsaw": {
      "version": "0.1.0",
      "resolved": "https://registry.npmjs.org/chainsaw/-/chainsaw-0.1.0.tgz",
      "integrity": "sha1-XqtQsor+WAdNDVgpE4iCi15fvJg=",
      "requires": {
        "traverse": ">=0.3.0 <0.4"
      }
    },
    "cheerio": {
      "version": "1.0.0-rc.2",
      "resolved": "https://registry.npmjs.org/cheerio/-/cheerio-1.0.0-rc.2.tgz",
      "integrity": "sha1-S59TqBsn5NXawxwP/Qz6A8xoMNs=",
      "requires": {
        "css-select": "~1.2.0",
        "dom-serializer": "~0.1.0",
        "entities": "~1.1.1",
        "htmlparser2": "^3.9.1",
        "lodash": "^4.15.0",
        "parse5": "^3.0.1"
      },
      "dependencies": {
        "css-select": {
          "version": "1.2.0",
          "resolved": "https://registry.npmjs.org/css-select/-/css-select-1.2.0.tgz",
          "integrity": "sha1-KzoRBTnFNV8c2NMUYj6HCxIeyFg=",
          "requires": {
            "boolbase": "~1.0.0",
            "css-what": "2.1",
            "domutils": "1.5.1",
            "nth-check": "~1.0.1"
          }
        },
        "domutils": {
          "version": "1.5.1",
          "resolved": "https://registry.npmjs.org/domutils/-/domutils-1.5.1.tgz",
          "integrity": "sha1-3NhIiib1Y9YQeeSMn3t+Mjc2gs8=",
          "requires": {
            "dom-serializer": "0",
            "domelementtype": "1"
          }
        }
      }
    },
    "coa": {
      "version": "2.0.2",
      "resolved": "https://registry.npmjs.org/coa/-/coa-2.0.2.tgz",
      "integrity": "sha512-q5/jG+YQnSy4nRTV4F7lPepBJZ8qBNJJDBuJdoejDyLXgmL7IEo+Le2JDZudFTFt7mrCqIRaSjws4ygRCTCAXA==",
      "requires": {
        "@types/q": "^1.5.1",
        "chalk": "^2.4.1",
        "q": "^1.1.2"
      },
      "dependencies": {
        "ansi-styles": {
          "version": "3.2.1",
          "resolved": "https://registry.npmjs.org/ansi-styles/-/ansi-styles-3.2.1.tgz",
          "integrity": "sha512-VT0ZI6kZRdTh8YyJw3SMbYm/u+NqfsAxEpWO0Pf9sq8/e94WxxOpPKx9FR1FlyCtOVDNOQ+8ntlqFxiRc+r5qA==",
          "requires": {
            "color-convert": "^1.9.0"
          }
        },
        "chalk": {
          "version": "2.4.2",
          "resolved": "https://registry.npmjs.org/chalk/-/chalk-2.4.2.tgz",
          "integrity": "sha512-Mti+f9lpJNcwF4tWV8/OrTTtF1gZi+f8FqlyAdouralcFWFQWF2+NgCHShjkCb+IFBLq9buZwE1xckQU4peSuQ==",
          "requires": {
            "ansi-styles": "^3.2.1",
            "escape-string-regexp": "^1.0.5",
            "supports-color": "^5.3.0"
          }
        },
        "supports-color": {
          "version": "5.5.0",
          "resolved": "https://registry.npmjs.org/supports-color/-/supports-color-5.5.0.tgz",
          "integrity": "sha512-QjVjwdXIt408MIiAqCX4oUKsgU2EqAGzs2Ppkm4aQYbjm+ZEWEcW4SfFNTr4uMNZma0ey4f5lgLrkB0aX0QMow==",
          "requires": {
            "has-flag": "^3.0.0"
          }
        }
      }
    },
    "color-convert": {
      "version": "1.9.3",
      "resolved": "https://registry.npmjs.org/color-convert/-/color-convert-1.9.3.tgz",
      "integrity": "sha512-QfAUtd+vFdAtFQcC8CCyYt1fYWxSqAiK2cSD6zDB8N3cpsEBAvRxp9zOGg6G/SHHJYAT88/az/IuDGALsNVbGg==",
      "requires": {
        "color-name": "1.1.3"
      }
    },
    "color-name": {
      "version": "1.1.3",
      "resolved": "https://registry.npmjs.org/color-name/-/color-name-1.1.3.tgz",
      "integrity": "sha1-p9BVi9icQveV3UIyj3QIMcpTvCU="
    },
    "colors": {
      "version": "1.1.2",
      "resolved": "https://registry.npmjs.org/colors/-/colors-1.1.2.tgz",
      "integrity": "sha1-FopHAXVran9RoSzgyXv6KMCE7WM="
    },
    "commander": {
      "version": "2.0.0",
      "resolved": "https://registry.npmjs.org/commander/-/commander-2.0.0.tgz",
      "integrity": "sha1-0bhvkB+LZL2UG96tr5JFMDk76Sg="
    },
    "concat-map": {
      "version": "0.0.1",
      "resolved": "https://registry.npmjs.org/concat-map/-/concat-map-0.0.1.tgz",
      "integrity": "sha1-2Klr13/Wjfd5OnMDajug1UBdR3s="
    },
    "core-util-is": {
      "version": "1.0.2",
      "resolved": "https://registry.npmjs.org/core-util-is/-/core-util-is-1.0.2.tgz",
      "integrity": "sha1-tf1UIgqivFq1eqtxQMlAdUUDwac="
    },
    "css-select": {
      "version": "2.0.2",
      "resolved": "https://registry.npmjs.org/css-select/-/css-select-2.0.2.tgz",
      "integrity": "sha512-dSpYaDVoWaELjvZ3mS6IKZM/y2PMPa/XYoEfYNZePL4U/XgyxZNroHEHReDx/d+VgXh9VbCTtFqLkFbmeqeaRQ==",
      "requires": {
        "boolbase": "^1.0.0",
        "css-what": "^2.1.2",
        "domutils": "^1.7.0",
        "nth-check": "^1.0.2"
      }
    },
    "css-select-base-adapter": {
      "version": "0.1.1",
      "resolved": "https://registry.npmjs.org/css-select-base-adapter/-/css-select-base-adapter-0.1.1.tgz",
      "integrity": "sha512-jQVeeRG70QI08vSTwf1jHxp74JoZsr2XSgETae8/xC8ovSnL2WF87GTLO86Sbwdt2lK4Umg4HnnwMO4YF3Ce7w=="
    },
    "css-tree": {
      "version": "1.0.0-alpha.28",
      "resolved": "https://registry.npmjs.org/css-tree/-/css-tree-1.0.0-alpha.28.tgz",
      "integrity": "sha512-joNNW1gCp3qFFzj4St6zk+Wh/NBv0vM5YbEreZk0SD4S23S+1xBKb6cLDg2uj4P4k/GUMlIm6cKIDqIG+vdt0w==",
      "requires": {
        "mdn-data": "~1.1.0",
        "source-map": "^0.5.3"
      }
    },
    "css-url-regex": {
      "version": "1.1.0",
      "resolved": "https://registry.npmjs.org/css-url-regex/-/css-url-regex-1.1.0.tgz",
      "integrity": "sha1-g4NCMMyfdMRX3lnuvRVD/uuDt+w="
    },
    "css-what": {
      "version": "2.1.2",
      "resolved": "https://registry.npmjs.org/css-what/-/css-what-2.1.2.tgz",
      "integrity": "sha512-wan8dMWQ0GUeF7DGEPVjhHemVW/vy6xUYmFzRY8RYqgA0JtXC9rJmbScBjqSu6dg9q0lwPQy6ZAmJVr3PPTvqQ=="
    },
    "csso": {
      "version": "3.5.1",
      "resolved": "https://registry.npmjs.org/csso/-/csso-3.5.1.tgz",
      "integrity": "sha512-vrqULLffYU1Q2tLdJvaCYbONStnfkfimRxXNaGjxMldI0C7JPBC4rB1RyjhfdZ4m1frm8pM9uRPKH3d2knZ8gg==",
      "requires": {
        "css-tree": "1.0.0-alpha.29"
      },
      "dependencies": {
        "css-tree": {
          "version": "1.0.0-alpha.29",
          "resolved": "https://registry.npmjs.org/css-tree/-/css-tree-1.0.0-alpha.29.tgz",
          "integrity": "sha512-sRNb1XydwkW9IOci6iB2xmy8IGCj6r/fr+JWitvJ2JxQRPzN3T4AGGVWCMlVmVwM1gtgALJRmGIlWv5ppnGGkg==",
          "requires": {
            "mdn-data": "~1.1.0",
            "source-map": "^0.5.3"
          }
        }
      }
    },
    "debug": {
      "version": "3.1.0",
      "resolved": "https://registry.npmjs.org/debug/-/debug-3.1.0.tgz",
      "integrity": "sha512-OX8XqP7/1a9cqkxYw2yXss15f26NKWBpDXQd0/uK/KPqdQhxbPa994hnzjcE2VqQpDslf55723cKPUOGSmMY3g==",
      "requires": {
        "ms": "2.0.0"
      }
    },
    "define-properties": {
      "version": "1.1.3",
      "resolved": "https://registry.npmjs.org/define-properties/-/define-properties-1.1.3.tgz",
      "integrity": "sha512-3MqfYKj2lLzdMSf8ZIZE/V+Zuy+BgD6f164e8K2w7dgnpKArBDerGYpM46IYYcjnkdPNMjPk9A6VFB8+3SKlXQ==",
      "requires": {
        "object-keys": "^1.0.12"
      },
      "dependencies": {
        "object-keys": {
          "version": "1.0.12",
          "resolved": "https://registry.npmjs.org/object-keys/-/object-keys-1.0.12.tgz",
          "integrity": "sha512-FTMyFUm2wBcGHnH2eXmz7tC6IwlqQZ6mVZ+6dm6vZ4IQIHjs6FdNsQBuKGPuUUUY6NfJw2PshC08Tn6LzLDOag=="
        }
      }
    },
    "dom-serializer": {
      "version": "0.1.0",
      "resolved": "https://registry.npmjs.org/dom-serializer/-/dom-serializer-0.1.0.tgz",
      "integrity": "sha1-BzxpdUbOB4DOI75KKOKT5AvDDII=",
      "requires": {
        "domelementtype": "~1.1.1",
        "entities": "~1.1.1"
      },
      "dependencies": {
        "domelementtype": {
          "version": "1.1.3",
          "resolved": "https://registry.npmjs.org/domelementtype/-/domelementtype-1.1.3.tgz",
          "integrity": "sha1-vSh3PiZCiBrsUVRJJCmcXNgiGFs="
        }
      }
    },
    "domelementtype": {
      "version": "1.3.1",
      "resolved": "https://registry.npmjs.org/domelementtype/-/domelementtype-1.3.1.tgz",
      "integrity": "sha512-BSKB+TSpMpFI/HOxCNr1O8aMOTZ8hT3pM3GQ0w/mWRmkhEDSFJkkyzz4XQsBV44BChwGkrDfMyjVD0eA2aFV3w=="
    },
    "domhandler": {
      "version": "2.4.2",
      "resolved": "https://registry.npmjs.org/domhandler/-/domhandler-2.4.2.tgz",
      "integrity": "sha512-JiK04h0Ht5u/80fdLMCEmV4zkNh2BcoMFBmZ/91WtYZ8qVXSKjiw7fXMgFPnHcSZgOo3XdinHvmnDUeMf5R4wA==",
      "requires": {
        "domelementtype": "1"
      }
    },
    "domutils": {
      "version": "1.7.0",
      "resolved": "https://registry.npmjs.org/domutils/-/domutils-1.7.0.tgz",
      "integrity": "sha512-Lgd2XcJ/NjEw+7tFvfKxOzCYKZsdct5lczQ2ZaQY8Djz7pfAD3Gbp8ySJWtreII/vDlMVmxwa6pHmdxIYgttDg==",
      "requires": {
        "dom-serializer": "0",
        "domelementtype": "1"
      }
    },
    "entities": {
      "version": "1.1.2",
      "resolved": "https://registry.npmjs.org/entities/-/entities-1.1.2.tgz",
      "integrity": "sha512-f2LZMYl1Fzu7YSBKg+RoROelpOaNrcGmE9AZubeDfrCEia483oW4MI4VyFd5VNHIgQ/7qm1I0wUHK1eJnn2y2w=="
    },
    "es-abstract": {
      "version": "1.13.0",
      "resolved": "https://registry.npmjs.org/es-abstract/-/es-abstract-1.13.0.tgz",
      "integrity": "sha512-vDZfg/ykNxQVwup/8E1BZhVzFfBxs9NqMzGcvIJrqg5k2/5Za2bWo40dK2J1pgLngZ7c+Shh8lwYtLGyrwPutg==",
      "requires": {
        "es-to-primitive": "^1.2.0",
        "function-bind": "^1.1.1",
        "has": "^1.0.3",
        "is-callable": "^1.1.4",
        "is-regex": "^1.0.4",
        "object-keys": "^1.0.12"
      },
      "dependencies": {
        "object-keys": {
          "version": "1.0.12",
          "resolved": "https://registry.npmjs.org/object-keys/-/object-keys-1.0.12.tgz",
          "integrity": "sha512-FTMyFUm2wBcGHnH2eXmz7tC6IwlqQZ6mVZ+6dm6vZ4IQIHjs6FdNsQBuKGPuUUUY6NfJw2PshC08Tn6LzLDOag=="
        }
      }
    },
    "es-to-primitive": {
      "version": "1.2.0",
      "resolved": "https://registry.npmjs.org/es-to-primitive/-/es-to-primitive-1.2.0.tgz",
      "integrity": "sha512-qZryBOJjV//LaxLTV6UC//WewneB3LcXOL9NP++ozKVXsIIIpm/2c13UDiD9Jp2eThsecw9m3jPqDwTyobcdbg==",
      "requires": {
        "is-callable": "^1.1.4",
        "is-date-object": "^1.0.1",
        "is-symbol": "^1.0.2"
      }
    },
    "escape-string-regexp": {
      "version": "1.0.5",
      "resolved": "https://registry.npmjs.org/escape-string-regexp/-/escape-string-regexp-1.0.5.tgz",
      "integrity": "sha1-G2HAViGQqN/2rjuyzwIAyhMLhtQ="
    },
    "esprima": {
      "version": "4.0.1",
      "resolved": "https://registry.npmjs.org/esprima/-/esprima-4.0.1.tgz",
      "integrity": "sha512-eGuFFw7Upda+g4p+QHvnW0RyTX/SVeJBDM/gCtMARO0cLuT2HcEKnTPvhjV6aGeqrCB/sbNop0Kszm0jsaWU4A=="
    },
    "follow-redirects": {
      "version": "1.5.10",
      "resolved": "https://registry.npmjs.org/follow-redirects/-/follow-redirects-1.5.10.tgz",
      "integrity": "sha512-0V5l4Cizzvqt5D44aTXbFZz+FtyXV1vrDN6qrelxtfYQKW0KO0W2T/hkE8xvGa/540LkZlkaUjO4ailYTFtHVQ==",
      "requires": {
        "debug": "=3.1.0"
      }
    },
    "fontello-cli": {
      "version": "0.4.0",
      "resolved": "https://registry.npmjs.org/fontello-cli/-/fontello-cli-0.4.0.tgz",
      "integrity": "sha1-T9EAHgPlbRCBttligI3BSlzp1ao=",
      "requires": {
        "colors": "0.6.1",
        "commander": "2.0.0",
        "mkdirp": "0.3.5",
        "needle": "0.5.8",
        "open": "0.0.4",
        "unzip": "0.1.8"
      },
      "dependencies": {
        "colors": {
          "version": "0.6.1",
          "resolved": "https://registry.npmjs.org/colors/-/colors-0.6.1.tgz",
          "integrity": "sha1-Wcd5n2yR4OFYApgKmO0Tizx49Ok="
        },
        "mkdirp": {
          "version": "0.3.5",
          "resolved": "https://registry.npmjs.org/mkdirp/-/mkdirp-0.3.5.tgz",
          "integrity": "sha1-3j5fiWHIjHh+4TaN+EmsRBPsqNc="
        }
      }
    },
    "fs-plus": {
      "version": "3.1.1",
      "resolved": "https://registry.npmjs.org/fs-plus/-/fs-plus-3.1.1.tgz",
      "integrity": "sha512-Se2PJdOWXqos1qVTkvqqjb0CSnfBnwwD+pq+z4ksT+e97mEShod/hrNg0TRCCsXPbJzcIq+NuzQhigunMWMJUA==",
      "requires": {
        "async": "^1.5.2",
        "mkdirp": "^0.5.1",
        "rimraf": "^2.5.2",
        "underscore-plus": "1.x"
      },
      "dependencies": {
        "async": {
          "version": "1.5.2",
          "resolved": "https://registry.npmjs.org/async/-/async-1.5.2.tgz",
          "integrity": "sha1-7GphrlZIDAw8skHJVhjiCJL5Zyo="
        }
      }
    },
    "fs.realpath": {
      "version": "1.0.0",
      "resolved": "https://registry.npmjs.org/fs.realpath/-/fs.realpath-1.0.0.tgz",
      "integrity": "sha1-FQStJSMVjKpA20onh8sBQRmU6k8="
    },
    "fstream": {
      "version": "0.1.31",
      "resolved": "https://registry.npmjs.org/fstream/-/fstream-0.1.31.tgz",
      "integrity": "sha1-czfwWPu7vvqMn1YaKMqwhJICyYg=",
      "requires": {
        "graceful-fs": "~3.0.2",
        "inherits": "~2.0.0",
        "mkdirp": "0.5",
        "rimraf": "2"
      }
    },
    "function-bind": {
      "version": "1.1.1",
      "resolved": "https://registry.npmjs.org/function-bind/-/function-bind-1.1.1.tgz",
      "integrity": "sha512-yIovAzMX49sF8Yl58fSCWJ5svSLuaibPxXQJFLmBObTuCr0Mf1KiPopGM9NiFjiYBCbfaa2Fh6breQ6ANVTI0A=="
    },
    "glob": {
      "version": "7.1.3",
      "resolved": "https://registry.npmjs.org/glob/-/glob-7.1.3.tgz",
      "integrity": "sha512-vcfuiIxogLV4DlGBHIUOwI0IbrJ8HWPc4MU7HzviGeNho/UJDfi6B5p3sHeWIQ0KGIU0Jpxi5ZHxemQfLkkAwQ==",
      "requires": {
        "fs.realpath": "^1.0.0",
        "inflight": "^1.0.4",
        "inherits": "2",
        "minimatch": "^3.0.4",
        "once": "^1.3.0",
        "path-is-absolute": "^1.0.0"
      }
    },
    "graceful-fs": {
      "version": "3.0.11",
      "resolved": "https://registry.npmjs.org/graceful-fs/-/graceful-fs-3.0.11.tgz",
      "integrity": "sha1-dhPHeKGv6mLyXGMKCG1/Osu92Bg=",
      "requires": {
        "natives": "^1.1.0"
      }
    },
    "has": {
      "version": "1.0.3",
      "resolved": "https://registry.npmjs.org/has/-/has-1.0.3.tgz",
      "integrity": "sha512-f2dvO0VU6Oej7RkWJGrehjbzMAjFp5/VKPp5tTpWIV4JHHZK1/BxbFRtf/siA2SWTe09caDmVtYYzWEIbBS4zw==",
      "requires": {
        "function-bind": "^1.1.1"
      }
    },
    "has-flag": {
      "version": "3.0.0",
      "resolved": "https://registry.npmjs.org/has-flag/-/has-flag-3.0.0.tgz",
      "integrity": "sha1-tdRU3CGZriJWmfNGfloH87lVuv0="
    },
    "has-symbols": {
      "version": "1.0.0",
      "resolved": "https://registry.npmjs.org/has-symbols/-/has-symbols-1.0.0.tgz",
      "integrity": "sha1-uhqPGvKg/DllD1yFA2dwQSIGO0Q="
    },
    "htmlparser2": {
      "version": "3.10.0",
      "resolved": "https://registry.npmjs.org/htmlparser2/-/htmlparser2-3.10.0.tgz",
      "integrity": "sha512-J1nEUGv+MkXS0weHNWVKJJ+UrLfePxRWpN3C9bEi9fLxL2+ggW94DQvgYVXsaT30PGwYRIZKNZXuyMhp3Di4bQ==",
      "requires": {
        "domelementtype": "^1.3.0",
        "domhandler": "^2.3.0",
        "domutils": "^1.5.1",
        "entities": "^1.1.1",
        "inherits": "^2.0.1",
        "readable-stream": "^3.0.6"
      }
    },
    "iconv-lite": {
      "version": "0.4.24",
      "resolved": "https://registry.npmjs.org/iconv-lite/-/iconv-lite-0.4.24.tgz",
      "integrity": "sha512-v3MXnZAcvnywkTUEZomIActle7RXXeedOR31wwl7VlyoXO4Qi9arvSenNQWne1TcRwhCL1HwLI21bEqdpj8/rA==",
      "requires": {
        "safer-buffer": ">= 2.1.2 < 3"
      }
    },
    "inflight": {
      "version": "1.0.6",
      "resolved": "https://registry.npmjs.org/inflight/-/inflight-1.0.6.tgz",
      "integrity": "sha1-Sb1jMdfQLQwJvJEKEHW6gWW1bfk=",
      "requires": {
        "once": "^1.3.0",
        "wrappy": "1"
      }
    },
    "inherits": {
      "version": "2.0.3",
      "resolved": "https://registry.npmjs.org/inherits/-/inherits-2.0.3.tgz",
      "integrity": "sha1-Yzwsg+PaQqUC9SRmAiSA9CCCYd4="
    },
    "is-buffer": {
      "version": "2.0.3",
      "resolved": "https://registry.npmjs.org/is-buffer/-/is-buffer-2.0.3.tgz",
      "integrity": "sha512-U15Q7MXTuZlrbymiz95PJpZxu8IlipAp4dtS3wOdgPXx3mqBnslrWU14kxfHB+Py/+2PVKSr37dMAgM2A4uArw=="
    },
    "is-callable": {
      "version": "1.1.4",
      "resolved": "https://registry.npmjs.org/is-callable/-/is-callable-1.1.4.tgz",
      "integrity": "sha512-r5p9sxJjYnArLjObpjA4xu5EKI3CuKHkJXMhT7kwbpUyIFD1n5PMAsoPvWnvtZiNz7LjkYDRZhd7FlI0eMijEA=="
    },
    "is-date-object": {
      "version": "1.0.1",
      "resolved": "https://registry.npmjs.org/is-date-object/-/is-date-object-1.0.1.tgz",
      "integrity": "sha1-mqIOtq7rv/d/vTPnTKAbM1gdOhY="
    },
    "is-regex": {
      "version": "1.0.4",
      "resolved": "https://registry.npmjs.org/is-regex/-/is-regex-1.0.4.tgz",
      "integrity": "sha1-VRdIm1RwkbCTDglWVM7SXul+lJE=",
      "requires": {
        "has": "^1.0.1"
      }
    },
    "is-symbol": {
      "version": "1.0.2",
      "resolved": "https://registry.npmjs.org/is-symbol/-/is-symbol-1.0.2.tgz",
      "integrity": "sha512-HS8bZ9ox60yCJLH9snBpIwv9pYUAkcuLhSA1oero1UB5y9aiQpRA8y2ex945AOtCZL1lJDeIk3G5LthswI46Lw==",
      "requires": {
        "has-symbols": "^1.0.0"
      }
    },
    "isarray": {
      "version": "0.0.1",
      "resolved": "https://registry.npmjs.org/isarray/-/isarray-0.0.1.tgz",
      "integrity": "sha1-ihis/Kmo9Bd+Cav8YDiTmwXR7t8="
    },
    "js-yaml": {
      "version": "3.13.1",
      "resolved": "https://registry.npmjs.org/js-yaml/-/js-yaml-3.13.1.tgz",
      "integrity": "sha512-YfbcO7jXDdyj0DGxYVSlSeQNHbD7XPWvrVWeVUujrQEoZzWJIRrCPoyk6kL6IAjAG2IolMK4T0hNUe0HOUs5Jw==",
      "requires": {
        "argparse": "^1.0.7",
        "esprima": "^4.0.0"
      }
    },
    "lodash": {
      "version": "4.17.11",
      "resolved": "https://registry.npmjs.org/lodash/-/lodash-4.17.11.tgz",
      "integrity": "sha512-cQKh8igo5QUhZ7lg38DYWAxMvjSAKG0A8wGSVimP07SIUEK2UO+arSRKbRZWtelMtN5V0Hkwh5ryOto/SshYIg=="
    },
    "match-stream": {
      "version": "0.0.2",
      "resolved": "https://registry.npmjs.org/match-stream/-/match-stream-0.0.2.tgz",
      "integrity": "sha1-mesFAJOzTf+t5CG5rAtBCpz6F88=",
      "requires": {
        "buffers": "~0.1.1",
        "readable-stream": "~1.0.0"
      },
      "dependencies": {
        "readable-stream": {
          "version": "1.0.34",
          "resolved": "https://registry.npmjs.org/readable-stream/-/readable-stream-1.0.34.tgz",
          "integrity": "sha1-Elgg40vIQtLyqq+v5MKRbuMsFXw=",
          "requires": {
            "core-util-is": "~1.0.0",
            "inherits": "~2.0.1",
            "isarray": "0.0.1",
            "string_decoder": "~0.10.x"
          }
        }
      }
    },
    "mdn-data": {
      "version": "1.1.4",
      "resolved": "https://registry.npmjs.org/mdn-data/-/mdn-data-1.1.4.tgz",
      "integrity": "sha512-FSYbp3lyKjyj3E7fMl6rYvUdX0FBXaluGqlFoYESWQlyUTq8R+wp0rkFxoYFqZlHCvsUXGjyJmLQSnXToYhOSA=="
    },
    "minimatch": {
      "version": "3.0.4",
      "resolved": "https://registry.npmjs.org/minimatch/-/minimatch-3.0.4.tgz",
      "integrity": "sha512-yJHVQEhyqPLUTgt9B83PXu6W3rx4MvvHvSUvToogpwoGDOUQ+yDrR0HRot+yOCdCO7u4hX3pWft6kWBBcqh0UA==",
      "requires": {
        "brace-expansion": "^1.1.7"
      }
    },
    "minimist": {
      "version": "0.0.8",
      "resolved": "https://registry.npmjs.org/minimist/-/minimist-0.0.8.tgz",
      "integrity": "sha1-hX/Kv8M5fSYluCKCYuhqp6ARsF0="
    },
    "mkdirp": {
      "version": "0.5.1",
      "resolved": "https://registry.npmjs.org/mkdirp/-/mkdirp-0.5.1.tgz",
      "integrity": "sha1-MAV0OOrGz3+MR2fzhkjWaX11yQM=",
      "requires": {
        "minimist": "0.0.8"
      }
    },
    "ms": {
      "version": "2.0.0",
      "resolved": "https://registry.npmjs.org/ms/-/ms-2.0.0.tgz",
      "integrity": "sha1-VgiurfwAvmwpAd9fmGF4jeDVl8g="
    },
    "natives": {
      "version": "1.1.6",
      "resolved": "https://registry.npmjs.org/natives/-/natives-1.1.6.tgz",
      "integrity": "sha512-6+TDFewD4yxY14ptjKaS63GVdtKiES1pTPyxn9Jb0rBqPMZ7VcCiooEhPNsr+mqHtMGxa/5c/HhcC4uPEUw/nA=="
    },
    "needle": {
      "version": "0.5.8",
      "resolved": "https://registry.npmjs.org/needle/-/needle-0.5.8.tgz",
      "integrity": "sha1-ql4oj8T4+If/dWRJHQDLYB3tDDk=",
      "requires": {
        "iconv-lite": "^0.4.24",
        "qs": "^6.6.0"
      }
    },
    "nth-check": {
      "version": "1.0.2",
      "resolved": "https://registry.npmjs.org/nth-check/-/nth-check-1.0.2.tgz",
      "integrity": "sha512-WeBOdju8SnzPN5vTUJYxYUxLeXpCaVP5i5e0LF8fg7WORF2Wd7wFX/pk0tYZk7s8T+J7VLy0Da6J1+wCT0AtHg==",
      "requires": {
        "boolbase": "~1.0.0"
      }
    },
    "object.getownpropertydescriptors": {
      "version": "2.0.3",
      "resolved": "https://registry.npmjs.org/object.getownpropertydescriptors/-/object.getownpropertydescriptors-2.0.3.tgz",
      "integrity": "sha1-h1jIRvW0B62rDyNuCYbxSwUcqhY=",
      "requires": {
        "define-properties": "^1.1.2",
        "es-abstract": "^1.5.1"
      }
    },
    "object.values": {
      "version": "1.1.0",
      "resolved": "https://registry.npmjs.org/object.values/-/object.values-1.1.0.tgz",
      "integrity": "sha512-8mf0nKLAoFX6VlNVdhGj31SVYpaNFtUnuoOXWyFEstsWRgU837AK+JYM0iAxwkSzGRbwn8cbFmgbyxj1j4VbXg==",
      "requires": {
        "define-properties": "^1.1.3",
        "es-abstract": "^1.12.0",
        "function-bind": "^1.1.1",
        "has": "^1.0.3"
      }
    },
    "once": {
      "version": "1.4.0",
      "resolved": "https://registry.npmjs.org/once/-/once-1.4.0.tgz",
      "integrity": "sha1-WDsap3WWHUsROsF9nFC6753Xa9E=",
      "requires": {
        "wrappy": "1"
      }
    },
    "open": {
      "version": "0.0.4",
      "resolved": "https://registry.npmjs.org/open/-/open-0.0.4.tgz",
      "integrity": "sha1-XeRqCFi59J+fIRqo8mYoVQZX8mI="
    },
    "over": {
      "version": "0.0.5",
      "resolved": "https://registry.npmjs.org/over/-/over-0.0.5.tgz",
      "integrity": "sha1-8phS5w/X4l82DgE6jsRMgq7bVwg="
    },
    "parse-svg-path": {
      "version": "0.1.2",
      "resolved": "https://registry.npmjs.org/parse-svg-path/-/parse-svg-path-0.1.2.tgz",
      "integrity": "sha1-en7A0esG+lMlx9PgCbhZoJtdSes="
    },
    "parse5": {
      "version": "3.0.3",
      "resolved": "https://registry.npmjs.org/parse5/-/parse5-3.0.3.tgz",
      "integrity": "sha512-rgO9Zg5LLLkfJF9E6CCmXlSE4UVceloys8JrFqCcHloC3usd/kJCyPDwH2SOlzix2j3xaP9sUX3e8+kvkuleAA==",
      "requires": {
        "@types/node": "*"
      }
    },
    "path-is-absolute": {
      "version": "1.0.1",
      "resolved": "https://registry.npmjs.org/path-is-absolute/-/path-is-absolute-1.0.1.tgz",
      "integrity": "sha1-F0uSaHNVNP+8es5r9TpanhtcX18="
    },
    "pullstream": {
      "version": "0.4.1",
      "resolved": "https://registry.npmjs.org/pullstream/-/pullstream-0.4.1.tgz",
      "integrity": "sha1-1vs79a7Wl+gxFQ6xACwlo/iuExQ=",
      "requires": {
        "over": ">= 0.0.5 < 1",
        "readable-stream": "~1.0.31",
        "setimmediate": ">= 1.0.2 < 2",
        "slice-stream": ">= 1.0.0 < 2"
      },
      "dependencies": {
        "readable-stream": {
          "version": "1.0.34",
          "resolved": "https://registry.npmjs.org/readable-stream/-/readable-stream-1.0.34.tgz",
          "integrity": "sha1-Elgg40vIQtLyqq+v5MKRbuMsFXw=",
          "requires": {
            "core-util-is": "~1.0.0",
            "inherits": "~2.0.1",
            "isarray": "0.0.1",
            "string_decoder": "~0.10.x"
          }
        }
      }
    },
    "q": {
      "version": "1.5.1",
      "resolved": "https://registry.npmjs.org/q/-/q-1.5.1.tgz",
      "integrity": "sha1-fjL3W0E4EpHQRhHxvxQQmsAGUdc="
    },
    "qs": {
      "version": "6.6.0",
      "resolved": "https://registry.npmjs.org/qs/-/qs-6.6.0.tgz",
      "integrity": "sha512-KIJqT9jQJDQx5h5uAVPimw6yVg2SekOKu959OCtktD3FjzbpvaPr8i4zzg07DOMz+igA4W/aNM7OV8H37pFYfA=="
    },
    "readable-stream": {
      "version": "3.1.1",
      "resolved": "https://registry.npmjs.org/readable-stream/-/readable-stream-3.1.1.tgz",
      "integrity": "sha512-DkN66hPyqDhnIQ6Jcsvx9bFjhw214O4poMBcIMgPVpQvNy9a0e0Uhg5SqySyDKAmUlwt8LonTBz1ezOnM8pUdA==",
      "requires": {
        "inherits": "^2.0.3",
        "string_decoder": "^1.1.1",
        "util-deprecate": "^1.0.1"
      },
      "dependencies": {
        "string_decoder": {
          "version": "1.2.0",
          "resolved": "https://registry.npmjs.org/string_decoder/-/string_decoder-1.2.0.tgz",
          "integrity": "sha512-6YqyX6ZWEYguAxgZzHGL7SsCeGx3V2TtOTqZz1xSTSWnqsbWwbptafNyvf/ACquZUXV3DANr5BDIwNYe1mN42w==",
          "requires": {
            "safe-buffer": "~5.1.0"
          }
        }
      }
    },
    "rimraf": {
      "version": "2.6.3",
      "resolved": "https://registry.npmjs.org/rimraf/-/rimraf-2.6.3.tgz",
      "integrity": "sha512-mwqeW5XsA2qAejG46gYdENaxXjx9onRNCfn7L0duuP4hCuTIi/QO7PDK07KJfp1d+izWPrzEJDcSqBa0OZQriA==",
      "requires": {
        "glob": "^7.1.3"
      }
    },
    "safe-buffer": {
      "version": "5.1.2",
      "resolved": "https://registry.npmjs.org/safe-buffer/-/safe-buffer-5.1.2.tgz",
      "integrity": "sha512-Gd2UZBJDkXlY7GbJxfsE8/nvKkUEU1G38c1siN6QP6a9PT9MmHB8GnpscSmMJSoF8LOIrt8ud/wPtojys4G6+g=="
    },
    "safer-buffer": {
      "version": "2.1.2",
      "resolved": "https://registry.npmjs.org/safer-buffer/-/safer-buffer-2.1.2.tgz",
      "integrity": "sha512-YZo3K82SD7Riyi0E1EQPojLz7kpepnSQI9IyPbHHg1XXXevb5dJI7tpyN2ADxGcQbHG7vcyRHk0cbwqcQriUtg=="
    },
    "sax": {
      "version": "1.2.4",
      "resolved": "https://registry.npmjs.org/sax/-/sax-1.2.4.tgz",
      "integrity": "sha512-NqVDv9TpANUjFm0N8uM5GxL36UgKi9/atZw+x7YFnQ8ckwFGKrl4xX4yWtrey3UJm5nP1kUbnYgLopqWNSRhWw=="
    },
    "scale-svg-path": {
      "version": "0.0.1",
      "resolved": "https://registry.npmjs.org/scale-svg-path/-/scale-svg-path-0.0.1.tgz",
      "integrity": "sha1-UpuNrKopTwejy0x582UbLxz1Go0="
    },
    "serialize-svg-path": {
      "version": "0.1.0",
      "resolved": "https://registry.npmjs.org/serialize-svg-path/-/serialize-svg-path-0.1.0.tgz",
      "integrity": "sha1-pyvxT9pp1vdjAWSBVNCR/8ByKZo="
    },
    "setimmediate": {
      "version": "1.0.5",
      "resolved": "https://registry.npmjs.org/setimmediate/-/setimmediate-1.0.5.tgz",
      "integrity": "sha1-KQy7Iy4waULX1+qbg3Mqt4VvgoU="
    },
    "slice-stream": {
      "version": "1.0.0",
      "resolved": "https://registry.npmjs.org/slice-stream/-/slice-stream-1.0.0.tgz",
      "integrity": "sha1-WzO9ZvATsaf4ZGCwPUY97DmtPqA=",
      "requires": {
        "readable-stream": "~1.0.31"
      },
      "dependencies": {
        "readable-stream": {
          "version": "1.0.34",
          "resolved": "https://registry.npmjs.org/readable-stream/-/readable-stream-1.0.34.tgz",
          "integrity": "sha1-Elgg40vIQtLyqq+v5MKRbuMsFXw=",
          "requires": {
            "core-util-is": "~1.0.0",
            "inherits": "~2.0.1",
            "isarray": "0.0.1",
            "string_decoder": "~0.10.x"
          }
        }
      }
    },
    "source-map": {
      "version": "0.5.7",
      "resolved": "https://registry.npmjs.org/source-map/-/source-map-0.5.7.tgz",
      "integrity": "sha1-igOdLRAh0i0eoUyA2OpGi6LvP8w="
    },
    "sprintf-js": {
      "version": "1.0.3",
      "resolved": "https://registry.npmjs.org/sprintf-js/-/sprintf-js-1.0.3.tgz",
      "integrity": "sha1-BOaSb2YolTVPPdAVIDYzuFcpfiw="
    },
    "stable": {
      "version": "0.1.8",
      "resolved": "https://registry.npmjs.org/stable/-/stable-0.1.8.tgz",
      "integrity": "sha512-ji9qxRnOVfcuLDySj9qzhGSEFVobyt1kIOSkj1qZzYLzq7Tos/oUUWvotUPQLlrsidqsK6tBH89Bc9kL5zHA6w=="
    },
    "string_decoder": {
      "version": "0.10.31",
      "resolved": "https://registry.npmjs.org/string_decoder/-/string_decoder-0.10.31.tgz",
      "integrity": "sha1-YuIDvEF2bGwoyfyEMB2rHFMQ+pQ="
    },
    "svgo": {
      "version": "1.1.1",
      "resolved": "https://registry.npmjs.org/svgo/-/svgo-1.1.1.tgz",
      "integrity": "sha512-GBkJbnTuFpM4jFbiERHDWhZc/S/kpHToqmZag3aEBjPYK44JAN2QBjvrGIxLOoCyMZjuFQIfTO2eJd8uwLY/9g==",
      "requires": {
        "coa": "~2.0.1",
        "colors": "~1.1.2",
        "css-select": "^2.0.0",
        "css-select-base-adapter": "~0.1.0",
        "css-tree": "1.0.0-alpha.28",
        "css-url-regex": "^1.1.0",
        "csso": "^3.5.0",
        "js-yaml": "^3.12.0",
        "mkdirp": "~0.5.1",
        "object.values": "^1.0.4",
        "sax": "~1.2.4",
        "stable": "~0.1.6",
        "unquote": "~1.1.1",
        "util.promisify": "~1.0.0"
      }
    },
    "traverse": {
      "version": "0.3.9",
      "resolved": "https://registry.npmjs.org/traverse/-/traverse-0.3.9.tgz",
      "integrity": "sha1-cXuPIgzAu3tE5AUUwisui7xw2Lk="
    },
    "underscore-plus": {
      "version": "1.6.8",
      "resolved": "https://registry.npmjs.org/underscore-plus/-/underscore-plus-1.6.8.tgz",
      "integrity": "sha512-88PrCeMKeAAC1L4xjSiiZ3Fg6kZOYrLpLGVPPeqKq/662DfQe/KTSKdSR/Q/tucKNnfW2MNAUGSCkDf8HmXC5Q==",
      "requires": {
        "underscore": "~1.8.3"
      },
      "dependencies": {
        "underscore": {
          "version": "1.8.3",
          "resolved": "https://registry.npmjs.org/underscore/-/underscore-1.8.3.tgz",
          "integrity": "sha1-Tz+1OxBuYJf8+ctBCfKl6b36UCI="
        }
      }
    },
    "unquote": {
      "version": "1.1.1",
      "resolved": "https://registry.npmjs.org/unquote/-/unquote-1.1.1.tgz",
      "integrity": "sha1-j97XMk7G6IoP+LkF58CYzcCG1UQ="
    },
    "unzip": {
      "version": "0.1.8",
      "resolved": "https://registry.npmjs.org/unzip/-/unzip-0.1.8.tgz",
      "integrity": "sha1-tsoXF5gkIVCwb8oyBURZIjGusVg=",
      "requires": {
        "binary": "~0.3.0",
        "fstream": "~0.1.21",
        "match-stream": "~0.0.2",
        "pullstream": "~0.4.0",
        "readable-stream": "~1.0.0",
        "setimmediate": "~1.0.1"
      },
      "dependencies": {
        "readable-stream": {
          "version": "1.0.34",
          "resolved": "https://registry.npmjs.org/readable-stream/-/readable-stream-1.0.34.tgz",
          "integrity": "sha1-Elgg40vIQtLyqq+v5MKRbuMsFXw=",
          "requires": {
            "core-util-is": "~1.0.0",
            "inherits": "~2.0.1",
            "isarray": "0.0.1",
            "string_decoder": "~0.10.x"
          }
        }
      }
    },
    "util-deprecate": {
      "version": "1.0.2",
      "resolved": "https://registry.npmjs.org/util-deprecate/-/util-deprecate-1.0.2.tgz",
      "integrity": "sha1-RQ1Nyfpw3nMnYvvS1KKJgUGaDM8="
    },
    "util.promisify": {
      "version": "1.0.0",
      "resolved": "https://registry.npmjs.org/util.promisify/-/util.promisify-1.0.0.tgz",
      "integrity": "sha512-i+6qA2MPhvoKLuxnJNpXAGhg7HphQOSUq2LKMZD0m15EiskXUkMvKdF4Uui0WYeCUGea+o2cw/ZuwehtfsrNkA==",
      "requires": {
        "define-properties": "^1.1.2",
        "object.getownpropertydescriptors": "^2.0.3"
      }
    },
    "uuid": {
      "version": "3.3.2",
      "resolved": "https://registry.npmjs.org/uuid/-/uuid-3.3.2.tgz",
      "integrity": "sha512-yXJmeNaw3DnnKAOKJE51sL/ZaYfWJRl1pK9dr19YFCu0ObS231AB1/LbqTKRAQ5kw8A90rA6fr4riOUpTZvQZA=="
    },
    "wrappy": {
      "version": "1.0.2",
      "resolved": "https://registry.npmjs.org/wrappy/-/wrappy-1.0.2.tgz",
      "integrity": "sha1-tSQ9jz7BqjXxNkYFvA0QNuMKtp8="
    }
  }
}
